
Microsoft Visual Studio Solution File, Format Version 12.00
# Visual Studio 15
VisualStudioVersion = 15.0.27130.2027
MinimumVisualStudioVersion = 10.0.40219.1
Project("{FAE04EC0-301F-11D3-BF4B-00C04F79EFBC}") = "Pharmacy Project", "Pharmacy Project\Pharmacy Project.csproj", "{53B371FD-2D3F-44B4-A5D9-319D08BB3DFC}"
EndProject
Global
	GlobalSection(SolutionConfigurationPlatforms) = preSolution
		Debug|Any CPU = Debug|Any CPU
		Release|Any CPU = Release|Any CPU
	EndGlobalSection
	GlobalSection(ProjectConfigurationPlatforms) = postSolution
		{53B371FD-2D3F-44B4-A5D9-319D08BB3DFC}.Debug|Any CPU.ActiveCfg = Debug|Any CPU
		{53B371FD-2D3F-44B4-A5D9-319D08BB3DFC}.Debug|Any CPU.Build.0 = Debug|Any CPU
		{53B371FD-2D3F-44B4-A5D9-319D08BB3DFC}.Release|Any CPU.ActiveCfg = Release|Any CPU
		{53B371FD-2D3F-44B4-A5D9-319D08BB3DFC}.Release|Any CPU.Build.0 = Release|Any CPU
	EndGlobalSection
	GlobalSection(SolutionProperties) = preSolution
		HideSolutionNode = FALSE
	EndGlobalSection
	GlobalSection(ExtensibilityGlobals) = postSolution
		SolutionGuid = {868698D3-F1AA-4D9C-9D07-004C6EDCA7E9}
	EndGlobalSection
EndGlobal
